
Microsoft Visual Studio Solution File, Format Version 12.00
# Visual Studio Version 17
VisualStudioVersion = 17.1.32228.430
MinimumVisualStudioVersion = 10.0.40219.1
Project("{9A19103F-16F7-4668-BE54-9A1E7A4F7556}") = "HR.Common.Utilities", "HR.Common.Utilities\HR.Common.Utilities.csproj", "{E49C7AFE-4EA4-43D9-B08C-9CA35A9573A1}"
EndProject
Project("{2150E333-8FDC-42A3-9474-1A3956D46DE8}") = "Solution Items", "Solution Items", "{D9E7810D-E78E-480B-AF88-0D8285E3DAFF}"
	ProjectSection(SolutionItems) = preProject
		Directory.Build.props = Directory.Build.props
		hr.png = hr.png
	EndProjectSection
EndProject
Project("{9A19103F-16F7-4668-BE54-9A1E7A4F7556}") = "HR.Common.Utilities.Tests", "HR.Common.Utilities.Tests\HR.Common.Utilities.Tests.csproj", "{34ED6648-C0B4-4690-A65F-69FBAC6B3616}"
EndProject
Global
	GlobalSection(SolutionConfigurationPlatforms) = preSolution
		Debug|Any CPU = Debug|Any CPU
		Release|Any CPU = Release|Any CPU
	EndGlobalSection
	GlobalSection(ProjectConfigurationPlatforms) = postSolution
		{E49C7AFE-4EA4-43D9-B08C-9CA35A9573A1}.Debug|Any CPU.ActiveCfg = Debug|Any CPU
		{E49C7AFE-4EA4-43D9-B08C-9CA35A9573A1}.Debug|Any CPU.Build.0 = Debug|Any CPU
		{E49C7AFE-4EA4-43D9-B08C-9CA35A9573A1}.Release|Any CPU.ActiveCfg = Release|Any CPU
		{E49C7AFE-4EA4-43D9-B08C-9CA35A9573A1}.Release|Any CPU.Build.0 = Release|Any CPU
		{34ED6648-C0B4-4690-A65F-69FBAC6B3616}.Debug|Any CPU.ActiveCfg = Debug|Any CPU
		{34ED6648-C0B4-4690-A65F-69FBAC6B3616}.Debug|Any CPU.Build.0 = Debug|Any CPU
		{34ED6648-C0B4-4690-A65F-69FBAC6B3616}.Release|Any CPU.ActiveCfg = Release|Any CPU
		{34ED6648-C0B4-4690-A65F-69FBAC6B3616}.Release|Any CPU.Build.0 = Release|Any CPU
	EndGlobalSection
	GlobalSection(SolutionProperties) = preSolution
		HideSolutionNode = FALSE
	EndGlobalSection
	GlobalSection(ExtensibilityGlobals) = postSolution
		SolutionGuid = {EE2B4FB5-2D1F-4AD8-B2F1-2D1F24E4AFDF}
	EndGlobalSection
EndGlobal
